
Microsoft Visual Studio Solution File, Format Version 12.00
# Visual Studio Version 17
VisualStudioVersion = 17.7.34024.191
MinimumVisualStudioVersion = 10.0.40219.1
Project("{FAE04EC0-301F-11D3-BF4B-00C04F79EFBC}") = "TravelBookingApp", "TravelBookingApp.csproj", "{A1CA4AD5-9CBF-4F24-BB69-04EB6274BB43}"
EndProject
Global
	GlobalSection(SolutionConfigurationPlatforms) = preSolution
		Debug|Any CPU = Debug|Any CPU
		Release|Any CPU = Release|Any CPU
	EndGlobalSection
	GlobalSection(ProjectConfigurationPlatforms) = postSolution
		{A1CA4AD5-9CBF-4F24-BB69-04EB6274BB43}.Debug|Any CPU.ActiveCfg = Debug|Any CPU
		{A1CA4AD5-9CBF-4F24-BB69-04EB6274BB43}.Debug|Any CPU.Build.0 = Debug|Any CPU
		{A1CA4AD5-9CBF-4F24-BB69-04EB6274BB43}.Release|Any CPU.ActiveCfg = Release|Any CPU
		{A1CA4AD5-9CBF-4F24-BB69-04EB6274BB43}.Release|Any CPU.Build.0 = Release|Any CPU
	EndGlobalSection
	GlobalSection(SolutionProperties) = preSolution
		HideSolutionNode = FALSE
	EndGlobalSection
	GlobalSection(ExtensibilityGlobals) = postSolution
		SolutionGuid = {2A80B523-51FF-4AD2-8AAE-7881EB9B6BC4}
	EndGlobalSection
EndGlobal
